
Microsoft Visual Studio Solution File, Format Version 12.00
# Visual Studio Version 17
VisualStudioVersion = 17.7.34031.279
MinimumVisualStudioVersion = 10.0.40219.1
Project("{FAE04EC0-301F-11D3-BF4B-00C04F79EFBC}") = "Cliente_Chat", "Cliente_Chat\Cliente_Chat.csproj", "{678A3578-19E5-4049-B124-A26F91874F1D}"
EndProject
Global
	GlobalSection(SolutionConfigurationPlatforms) = preSolution
		Debug|Any CPU = Debug|Any CPU
		Release|Any CPU = Release|Any CPU
	EndGlobalSection
	GlobalSection(ProjectConfigurationPlatforms) = postSolution
		{678A3578-19E5-4049-B124-A26F91874F1D}.Debug|Any CPU.ActiveCfg = Debug|Any CPU
		{678A3578-19E5-4049-B124-A26F91874F1D}.Debug|Any CPU.Build.0 = Debug|Any CPU
		{678A3578-19E5-4049-B124-A26F91874F1D}.Release|Any CPU.ActiveCfg = Release|Any CPU
		{678A3578-19E5-4049-B124-A26F91874F1D}.Release|Any CPU.Build.0 = Release|Any CPU
	EndGlobalSection
	GlobalSection(SolutionProperties) = preSolution
		HideSolutionNode = FALSE
	EndGlobalSection
	GlobalSection(ExtensibilityGlobals) = postSolution
		SolutionGuid = {0249AD9D-68B3-4604-90B8-700973EEA836}
	EndGlobalSection
EndGlobal
